// !$*UTF8*$!
{
	archiveVersion = 1;
	classes = {
	};
	objectVersion = 50;
	objects = {

/* Begin PBXBuildFile section */
		64976FA924A598D500467925 /* AppDelegate.swift in Sources */ = {isa = PBXBuildFile; fileRef = 64976FA824A598D500467925 /* AppDelegate.swift */; };
		64976FAB24A598D500467925 /* SceneDelegate.swift in Sources */ = {isa = PBXBuildFile; fileRef = 64976FAA24A598D500467925 /* SceneDelegate.swift */; };
		64976FAD24A598D500467925 /* ContentView.swift in Sources */ = {isa = PBXBuildFile; fileRef = 64976FAC24A598D500467925 /* ContentView.swift */; };
		64976FAF24A598D600467925 /* Assets.xcassets in Resources */ = {isa = PBXBuildFile; fileRef = 64976FAE24A598D600467925 /* Assets.xcassets */; };
		64976FB224A598D600467925 /* Preview Assets.xcassets in Resources */ = {isa = PBXBuildFile; fileRef = 64976FB124A598D600467925 /* Preview Assets.xcassets */; };
		64976FB524A598D600467925 /* LaunchScreen.storyboard in Resources */ = {isa = PBXBuildFile; fileRef = 64976FB324A598D600467925 /* LaunchScreen.storyboard */; };
		64976FC024A598D600467925 /* login_pageTests.swift in Sources */ = {isa = PBXBuildFile; fileRef = 64976FBF24A598D600467925 /* login_pageTests.swift */; };
		64976FCB24A598D600467925 /* login_pageUITests.swift in Sources */ = {isa = PBXBuildFile; fileRef = 64976FCA24A598D600467925 /* login_pageUITests.swift */; };
		64976FD924A5999400467925 /* Constants.swift in Sources */ = {isa = PBXBuildFile; fileRef = 64976FD824A5999400467925 /* Constants.swift */; };
/* End PBXBuildFile section */

/* Begin PBXContainerItemProxy section */
		64976FBC24A598D600467925 /* PBXContainerItemProxy */ = {
			isa = PBXContainerItemProxy;
			containerPortal = 64976F9D24A598D500467925 /* Project object */;
			proxyType = 1;
			remoteGlobalIDString = 64976FA424A598D500467925;
			remoteInfo = "login-page";
		};
		64976FC724A598D600467925 /* PBXContainerItemProxy */ = {
			isa = PBXContainerItemProxy;
			containerPortal = 64976F9D24A598D500467925 /* Project object */;
			proxyType = 1;
			remoteGlobalIDString = 64976FA424A598D500467925;
			remoteInfo = "login-page";
		};
/* End PBXContainerItemProxy section */

/* Begin PBXFileReference section */
		64976FA524A598D500467925 /* login-page.app */ = {isa = PBXFileReference; explicitFileType = wrapper.application; includeInIndex = 0; path = "login-page.app"; sourceTree = BUILT_PRODUCTS_DIR; };
		64976FA824A598D500467925 /* AppDelegate.swift */ = {isa = PBXFileReference; lastKnownFileType = sourcecode.swift; path = AppDelegate.swift; sourceTree = "<group>"; };
		64976FAA24A598D500467925 /* SceneDelegate.swift */ = {isa = PBXFileReference; lastKnownFileType = sourcecode.swift; path = SceneDelegate.swift; sourceTree = "<group>"; };
		64976FAC24A598D500467925 /* ContentView.swift */ = {isa = PBXFileReference; lastKnownFileType = sourcecode.swift; path = ContentView.swift; sourceTree = "<group>"; };
		64976FAE24A598D600467925 /* Assets.xcassets */ = {isa = PBXFileReference; lastKnownFileType = folder.assetcatalog; path = Assets.xcassets; sourceTree = "<group>"; };
		64976FB124A598D600467925 /* Preview Assets.xcassets */ = {isa = PBXFileReference; lastKnownFileType = folder.assetcatalog; path = "Preview Assets.xcassets"; sourceTree = "<group>"; };
		64976FB424A598D600467925 /* Base */ = {isa = PBXFileReference; lastKnownFileType = file.storyboard; name = Base; path = Base.lproj/LaunchScreen.storyboard; sourceTree = "<group>"; };
		64976FB624A598D600467925 /* Info.plist */ = {isa = PBXFileReference; lastKnownFileType = text.plist.xml; path = Info.plist; sourceTree = "<group>"; };
		64976FBB24A598D600467925 /* login-pageTests.xctest */ = {isa = PBXFileReference; explicitFileType = wrapper.cfbundle; includeInIndex = 0; path = "login-pageTests.xctest"; sourceTree = BUILT_PRODUCTS_DIR; };
		64976FBF24A598D600467925 /* login_pageTests.swift */ = {isa = PBXFileReference; lastKnownFileType = sourcecode.swift; path = login_pageTests.swift; sourceTree = "<group>"; };
		64976FC124A598D600467925 /* Info.plist */ = {isa = PBXFileReference; lastKnownFileType = text.plist.xml; path = Info.plist; sourceTree = "<group>"; };
		64976FC624A598D600467925 /* login-pageUITests.xctest */ = {isa = PBXFileReference; explicitFileType = wrapper.cfbundle; includeInIndex = 0; path = "login-pageUITests.xctest"; sourceTree = BUILT_PRODUCTS_DIR; };
		64976FCA24A598D600467925 /* login_pageUITests.swift */ = {isa = PBXFileReference; lastKnownFileType = sourcecode.swift; path = login_pageUITests.swift; sourceTree = "<group>"; };
		64976FCC24A598D600467925 /* Info.plist */ = {isa = PBXFileReference; lastKnownFileType = text.plist.xml; path = Info.plist; sourceTree = "<group>"; };
		64976FD824A5999400467925 /* Constants.swift */ = {isa = PBXFileReference; lastKnownFileType = sourcecode.swift; path = Constants.swift; sourceTree = "<group>"; };
/* End PBXFileReference section */

/* Begin PBXFrameworksBuildPhase section */
		64976FA224A598D500467925 /* Frameworks */ = {
			isa = PBXFrameworksBuildPhase;
			buildActionMask = 2147483647;
			files = (
			);
			runOnlyForDeploymentPostprocessing = 0;
		};
		64976FB824A598D600467925 /* Frameworks */ = {
			isa = PBXFrameworksBuildPhase;
			buildActionMask = 2147483647;
			files = (
			);
			runOnlyForDeploymentPostprocessing = 0;
		};
		64976FC324A598D600467925 /* Frameworks */ = {
			isa = PBXFrameworksBuildPhase;
			buildActionMask = 2147483647;
			files = (
			);
			runOnlyForDeploymentPostprocessing = 0;
		};
/* End PBXFrameworksBuildPhase section */

/* Begin PBXGroup section */
		64976F9C24A598D500467925 = {
			isa = PBXGroup;
			children = (
				64976FA724A598D500467925 /* login-page */,
				64976FBE24A598D600467925 /* login-pageTests */,
				64976FC924A598D600467925 /* login-pageUITests */,
				64976FA624A598D500467925 /* Products */,
			);
			sourceTree = "<group>";
		};
		64976FA624A598D500467925 /* Products */ = {
			isa = PBXGroup;
			children = (
				64976FA524A598D500467925 /* login-page.app */,
				64976FBB24A598D600467925 /* login-pageTests.xctest */,
				64976FC624A598D600467925 /* login-pageUITests.xctest */,
			);
			name = Products;
			sourceTree = "<group>";
		};
		64976FA724A598D500467925 /* login-page */ = {
			isa = PBXGroup;
			children = (
				64976FA824A598D500467925 /* AppDelegate.swift */,
				64976FAA24A598D500467925 /* SceneDelegate.swift */,
				64976FAC24A598D500467925 /* ContentView.swift */,
				64976FD824A5999400467925 /* Constants.swift */,
				64976FAE24A598D600467925 /* Assets.xcassets */,
				64976FB324A598D600467925 /* LaunchScreen.storyboard */,
				64976FB624A598D600467925 /* Info.plist */,
				64976FB024A598D600467925 /* Preview Content */,
			);
			path = "login-page";
			sourceTree = "<group>";
		};
		64976FB024A598D600467925 /* Preview Content */ = {
			isa = PBXGroup;
			children = (
				64976FB124A598D600467925 /* Preview Assets.xcassets */,
			);
			path = "Preview Content";
			sourceTree = "<group>";
		};
		64976FBE24A598D600467925 /* login-pageTests */ = {
			isa = PBXGroup;
			children = (
				64976FBF24A598D600467925 /* login_pageTests.swift */,
				64976FC124A598D600467925 /* Info.plist */,
			);
			path = "login-pageTests";
			sourceTree = "<group>";
		};
		64976FC924A598D600467925 /* login-pageUITests */ = {
			isa = PBXGroup;
			children = (
				64976FCA24A598D600467925 /* login_pageUITests.swift */,
				64976FCC24A598D600467925 /* Info.plist */,
			);
			path = "login-pageUITests";
			sourceTree = "<group>";
		};
/* End PBXGroup section */

/* Begin PBXNativeTarget section */
		64976FA424A598D500467925 /* login-page */ = {
			isa = PBXNativeTarget;
			buildConfigurationList = 64976FCF24A598D600467925 /* Build configuration list for PBXNativeTarget "login-page" */;
			buildPhases = (
				64976FA124A598D500467925 /* Sources */,
				64976FA224A598D500467925 /* Frameworks */,
				64976FA324A598D500467925 /* Resources */,
			);
			buildRules = (
			);
			dependencies = (
			);
			name = "login-page";
			productName = "login-page";
			productReference = 64976FA524A598D500467925 /* login-page.app */;
			productType = "com.apple.product-type.application";
		};
		64976FBA24A598D600467925 /* login-pageTests */ = {
			isa = PBXNativeTarget;
			buildConfigurationList = 64976FD224A598D600467925 /* Build configuration list for PBXNativeTarget "login-pageTests" */;
			buildPhases = (
				64976FB724A598D600467925 /* Sources */,
				64976FB824A598D600467925 /* Frameworks */,
				64976FB924A598D600467925 /* Resources */,
			);
			buildRules = (
			);
			dependencies = (
				64976FBD24A598D600467925 /* PBXTargetDependency */,
			);
			name = "login-pageTests";
			productName = "login-pageTests";
			productReference = 64976FBB24A598D600467925 /* login-pageTests.xctest */;
			productType = "com.apple.product-type.bundle.unit-test";
		};
		64976FC524A598D600467925 /* login-pageUITests */ = {
			isa = PBXNativeTarget;
			buildConfigurationList = 64976FD524A598D600467925 /* Build configuration list for PBXNativeTarget "login-pageUITests" */;
			buildPhases = (
				64976FC224A598D600467925 /* Sources */,
				64976FC324A598D600467925 /* Frameworks */,
				64976FC424A598D600467925 /* Resources */,
			);
			buildRules = (
			);
			dependencies = (
				64976FC824A598D600467925 /* PBXTargetDependency */,
			);
			name = "login-pageUITests";
			productName = "login-pageUITests";
			productReference = 64976FC624A598D600467925 /* login-pageUITests.xctest */;
			productType = "com.apple.product-type.bundle.ui-testing";
		};
/* End PBXNativeTarget section */

/* Begin PBXProject section */
		64976F9D24A598D500467925 /* Project object */ = {
			isa = PBXProject;
			attributes = {
				LastSwiftUpdateCheck = 1150;
				LastUpgradeCheck = 1150;
				ORGANIZATIONNAME = "Jeremy Tandjung";
				TargetAttributes = {
					64976FA424A598D500467925 = {
						CreatedOnToolsVersion = 11.5;
					};
					64976FBA24A598D600467925 = {
						CreatedOnToolsVersion = 11.5;
						TestTargetID = 64976FA424A598D500467925;
					};
					64976FC524A598D600467925 = {
						CreatedOnToolsVersion = 11.5;
						TestTargetID = 64976FA424A598D500467925;
					};
				};
			};
			buildConfigurationList = 64976FA024A598D500467925 /* Build configuration list for PBXProject "login-page" */;
			compatibilityVersion = "Xcode 9.3";
			developmentRegion = en;
			hasScannedForEncodings = 0;
			knownRegions = (
				en,
				Base,
			);
			mainGroup = 64976F9C24A598D500467925;
			productRefGroup = 64976FA624A598D500467925 /* Products */;
			projectDirPath = "";
			projectRoot = "";
			targets = (
				64976FA424A598D500467925 /* login-page */,
				64976FBA24A598D600467925 /* login-pageTests */,
				64976FC524A598D600467925 /* login-pageUITests */,
			);
		};
/* End PBXProject section */

/* Begin PBXResourcesBuildPhase section */
		64976FA324A598D500467925 /* Resources */ = {
			isa = PBXResourcesBuildPhase;
			buildActionMask = 2147483647;
			files = (
				64976FB524A598D600467925 /* LaunchScreen.storyboard in Resources */,
				64976FB224A598D600467925 /* Preview Assets.xcassets in Resources */,
				64976FAF24A598D600467925 /* Assets.xcassets in Resources */,
			);
			runOnlyForDeploymentPostprocessing = 0;
		};
		64976FB924A598D600467925 /* Resources */ = {
			isa = PBXResourcesBuildPhase;
			buildActionMask = 2147483647;
			files = (
			);
			runOnlyForDeploymentPostprocessing = 0;
		};
		64976FC424A598D600467925 /* Resources */ = {
			isa = PBXResourcesBuildPhase;
			buildActionMask = 2147483647;
			files = (
			);
			runOnlyForDeploymentPostprocessing = 0;
		};
/* End PBXResourcesBuildPhase section */

/* Begin PBXSourcesBuildPhase section */
		64976FA124A598D500467925 /* Sources */ = {
			isa = PBXSourcesBuildPhase;
			buildActionMask = 2147483647;
			files = (
				64976FA924A598D500467925 /* AppDelegate.swift in Sources */,
				64976FAB24A598D500467925 /* SceneDelegate.swift in Sources */,
				64976FAD24A598D500467925 /* ContentView.swift in Sources */,
				64976FD924A5999400467925 /* Constants.swift in Sources */,
			);
			runOnlyForDeploymentPostprocessing = 0;
		};
		64976FB724A598D600467925 /* Sources */ = {
			isa = PBXSourcesBuildPhase;
			buildActionMask = 2147483647;
			files = (
				64976FC024A598D600467925 /* login_pageTests.swift in Sources */,
			);
			runOnlyForDeploymentPostprocessing = 0;
		};
		64976FC224A598D600467925 /* Sources */ = {
			isa = PBXSourcesBuildPhase;
			buildActionMask = 2147483647;
			files = (
				64976FCB24A598D600467925 /* login_pageUITests.swift in Sources */,
			);
			runOnlyForDeploymentPostprocessing = 0;
		};
/* End PBXSourcesBuildPhase section */

/* Begin PBXTargetDependency section */
		64976FBD24A598D600467925 /* PBXTargetDependency */ = {
			isa = PBXTargetDependency;
			target = 64976FA424A598D500467925 /* login-page */;
			targetProxy = 64976FBC24A598D600467925 /* PBXContainerItemProxy */;
		};
		64976FC824A598D600467925 /* PBXTargetDependency */ = {
			isa = PBXTargetDependency;
			target = 64976FA424A598D500467925 /* login-page */;
			targetProxy = 64976FC724A598D600467925 /* PBXContainerItemProxy */;
		};
/* End PBXTargetDependency section */

/* Begin PBXVariantGroup section */
		64976FB324A598D600467925 /* LaunchScreen.storyboard */ = {
			isa = PBXVariantGroup;
			children = (
				64976FB424A598D600467925 /* Base */,
			);
			name = LaunchScreen.storyboard;
			sourceTree = "<group>";
		};
/* End PBXVariantGroup section */

/* Begin XCBuildConfiguration section */
		64976FCD24A598D600467925 /* Debug */ = {
			isa = XCBuildConfiguration;
			buildSettings = {
				ALWAYS_SEARCH_USER_PATHS = NO;
				CLANG_ANALYZER_NONNULL = YES;
				CLANG_ANALYZER_NUMBER_OBJECT_CONVERSION = YES_AGGRESSIVE;
				CLANG_CXX_LANGUAGE_STANDARD = "gnu++14";
				CLANG_CXX_LIBRARY = "libc++";
				CLANG_ENABLE_MODULES = YES;
				CLANG_ENABLE_OBJC_ARC = YES;
				CLANG_ENABLE_OBJC_WEAK = YES;
				CLANG_WARN_BLOCK_CAPTURE_AUTORELEASING = YES;
				CLANG_WARN_BOOL_CONVERSION = YES;
				CLANG_WARN_COMMA = YES;
				CLANG_WARN_CONSTANT_CONVERSION = YES;
				CLANG_WARN_DEPRECATED_OBJC_IMPLEMENTATIONS = YES;
				CLANG_WARN_DIRECT_OBJC_ISA_USAGE = YES_ERROR;
				CLANG_WARN_DOCUMENTATION_COMMENTS = YES;
				CLANG_WARN_EMPTY_BODY = YES;
				CLANG_WARN_ENUM_CONVERSION = YES;
				CLANG_WARN_INFINITE_RECURSION = YES;
				CLANG_WARN_INT_CONVERSION = YES;
				CLANG_WARN_NON_LITERAL_NULL_CONVERSION = YES;
				CLANG_WARN_OBJC_IMPLICIT_RETAIN_SELF = YES;
				CLANG_WARN_OBJC_LITERAL_CONVERSION = YES;
				CLANG_WARN_OBJC_ROOT_CLASS = YES_ERROR;
				CLANG_WARN_RANGE_LOOP_ANALYSIS = YES;
				CLANG_WARN_STRICT_PROTOTYPES = YES;
				CLANG_WARN_SUSPICIOUS_MOVE = YES;
				CLANG_WARN_UNGUARDED_AVAILABILITY = YES_AGGRESSIVE;
				CLANG_WARN_UNREACHABLE_CODE = YES;
				CLANG_WARN__DUPLICATE_METHOD_MATCH = YES;
				COPY_PHASE_STRIP = NO;
				DEBUG_INFORMATION_FORMAT = dwarf;
				ENABLE_STRICT_OBJC_MSGSEND = YES;
				ENABLE_TESTABILITY = YES;
				GCC_C_LANGUAGE_STANDARD = gnu11;
				GCC_DYNAMIC_NO_PIC = NO;
				GCC_NO_COMMON_BLOCKS = YES;
				GCC_OPTIMIZATION_LEVEL = 0;
				GCC_PREPROCESSOR_DEFINITIONS = (
					"DEBUG=1",
					"$(inherited)",
				);
				GCC_WARN_64_TO_32_BIT_CONVERSION = YES;
				GCC_WARN_ABOUT_RETURN_TYPE = YES_ERROR;
				GCC_WARN_UNDECLARED_SELECTOR = YES;
				GCC_WARN_UNINITIALIZED_AUTOS = YES_AGGRESSIVE;
				GCC_WARN_UNUSED_FUNCTION = YES;
				GCC_WARN_UNUSED_VARIABLE = YES;
				IPHONEOS_DEPLOYMENT_TARGET = 13.5;
				MTL_ENABLE_DEBUG_INFO = INCLUDE_SOURCE;
				MTL_FAST_MATH = YES;
				ONLY_ACTIVE_ARCH = YES;
				SDKROOT = iphoneos;
				SWIFT_ACTIVE_COMPILATION_CONDITIONS = DEBUG;
				SWIFT_OPTIMIZATION_LEVEL = "-Onone";
			};
			name = Debug;
		};
		64976FCE24A598D600467925 /* Release */ = {
			isa = XCBuildConfiguration;
			buildSettings = {
				ALWAYS_SEARCH_USER_PATHS = NO;
				CLANG_ANALYZER_NONNULL = YES;
				CLANG_ANALYZER_NUMBER_OBJECT_CONVERSION = YES_AGGRESSIVE;
				CLANG_CXX_LANGUAGE_STANDARD = "gnu++14";
				CLANG_CXX_LIBRARY = "libc++";
				CLANG_ENABLE_MODULES = YES;
				CLANG_ENABLE_OBJC_ARC = YES;
				CLANG_ENABLE_OBJC_WEAK = YES;
				CLANG_WARN_BLOCK_CAPTURE_AUTORELEASING = YES;
				CLANG_WARN_BOOL_CONVERSION = YES;
				CLANG_WARN_COMMA = YES;
				CLANG_WARN_CONSTANT_CONVERSION = YES;
				CLANG_WARN_DEPRECATED_OBJC_IMPLEMENTATIONS = YES;
				CLANG_WARN_DIRECT_OBJC_ISA_USAGE = YES_ERROR;
				CLANG_WARN_DOCUMENTATION_COMMENTS = YES;
				CLANG_WARN_EMPTY_BODY = YES;
				CLANG_WARN_ENUM_CONVERSION = YES;
				CLANG_WARN_INFINITE_RECURSION = YES;
				CLANG_WARN_INT_CONVERSION = YES;
				CLANG_WARN_NON_LITERAL_NULL_CONVERSION = YES;
				CLANG_WARN_OBJC_IMPLICIT_RETAIN_SELF = YES;
				CLANG_WARN_OBJC_LITERAL_CONVERSION = YES;
				CLANG_WARN_OBJC_ROOT_CLASS = YES_ERROR;
				CLANG_WARN_RANGE_LOOP_ANALYSIS = YES;
				CLANG_WARN_STRICT_PROTOTYPES = YES;
				CLANG_WARN_SUSPICIOUS_MOVE = YES;
				CLANG_WARN_UNGUARDED_AVAILABILITY = YES_AGGRESSIVE;
				CLANG_WARN_UNREACHABLE_CODE = YES;
				CLANG_WARN__DUPLICATE_METHOD_MATCH = YES;
				COPY_PHASE_STRIP = NO;
				DEBUG_INFORMATION_FORMAT = "dwarf-with-dsym";
				ENABLE_NS_ASSERTIONS = NO;
				ENABLE_STRICT_OBJC_MSGSEND = YES;
				GCC_C_LANGUAGE_STANDARD = gnu11;
				GCC_NO_COMMON_BLOCKS = YES;
				GCC_WARN_64_TO_32_BIT_CONVERSION = YES;
				GCC_WARN_ABOUT_RETURN_TYPE = YES_ERROR;
				GCC_WARN_UNDECLARED_SELECTOR = YES;
				GCC_WARN_UNINITIALIZED_AUTOS = YES_AGGRESSIVE;
				GCC_WARN_UNUSED_FUNCTION = YES;
				GCC_WARN_UNUSED_VARIABLE = YES;
				IPHONEOS_DEPLOYMENT_TARGET = 13.5;
				MTL_ENABLE_DEBUG_INFO = NO;
				MTL_FAST_MATH = YES;
				SDKROOT = iphoneos;
				SWIFT_COMPILATION_MODE = wholemodule;
				SWIFT_OPTIMIZATION_LEVEL = "-O";
				VALIDATE_PRODUCT = YES;
			};
			name = Release;
		};
		64976FD024A598D600467925 /* Debug */ = {
			isa = XCBuildConfiguration;
			buildSettings = {
				ASSETCATALOG_COMPILER_APPICON_NAME = AppIcon;
				CODE_SIGN_STYLE = Automatic;
				DEVELOPMENT_ASSET_PATHS = "\"login-page/Preview Content\"";
				DEVELOPMENT_TEAM = S3KH64V7Y4;
				ENABLE_PREVIEWS = YES;
				INFOPLIST_FILE = "login-page/Info.plist";
				LD_RUNPATH_SEARCH_PATHS = (
					"$(inherited)",
					"@executable_path/Frameworks",
				);
				PRODUCT_BUNDLE_IDENTIFIER = "com.jeremyTandjung.login-page";
				PRODUCT_NAME = "$(TARGET_NAME)";
				SWIFT_VERSION = 5.0;
				TARGETED_DEVICE_FAMILY = "1,2";
			};
			name = Debug;
		};
		64976FD124A598D600467925 /* Release */ = {
			isa = XCBuildConfiguration;
			buildSettings = {
				ASSETCATALOG_COMPILER_APPICON_NAME = AppIcon;
				CODE_SIGN_STYLE = Automatic;
				DEVELOPMENT_ASSET_PATHS = "\"login-page/Preview Content\"";
				DEVELOPMENT_TEAM = S3KH64V7Y4;
				ENABLE_PREVIEWS = YES;
				INFOPLIST_FILE = "login-page/Info.plist";
				LD_RUNPATH_SEARCH_PATHS = (
					"$(inherited)",
					"@executable_path/Frameworks",
				);
				PRODUCT_BUNDLE_IDENTIFIER = "com.jeremyTandjung.login-page";
				PRODUCT_NAME = "$(TARGET_NAME)";
				SWIFT_VERSION = 5.0;
				TARGETED_DEVICE_FAMILY = "1,2";
			};
			name = Release;
		};
		64976FD324A598D600467925 /* Debug */ = {
			isa = XCBuildConfiguration;
			buildSettings = {
				ALWAYS_EMBED_SWIFT_STANDARD_LIBRARIES = YES;
				BUNDLE_LOADER = "$(TEST_HOST)";
				CODE_SIGN_STYLE = Automatic;
				DEVELOPMENT_TEAM = S3KH64V7Y4;
				INFOPLIST_FILE = "login-pageTests/Info.plist";
				IPHONEOS_DEPLOYMENT_TARGET = 13.5;
				LD_RUNPATH_SEARCH_PATHS = (
					"$(inherited)",
					"@executable_path/Frameworks",
					"@loader_path/Frameworks",
				);
				PRODUCT_BUNDLE_IDENTIFIER = "com.jeremyTandjung.login-pageTests";
				PRODUCT_NAME = "$(TARGET_NAME)";
				SWIFT_VERSION = 5.0;
				TARGETED_DEVICE_FAMILY = "1,2";
				TEST_HOST = "$(BUILT_PRODUCTS_DIR)/login-page.app/login-page";
			};
			name = Debug;
		};
		64976FD424A598D600467925 /* Release */ = {
			isa = XCBuildConfiguration;
			buildSettings = {
				ALWAYS_EMBED_SWIFT_STANDARD_LIBRARIES = YES;
				BUNDLE_LOADER = "$(TEST_HOST)";
				CODE_SIGN_STYLE = Automatic;
				DEVELOPMENT_TEAM = S3KH64V7Y4;
				INFOPLIST_FILE = "login-pageTests/Info.plist";
				IPHONEOS_DEPLOYMENT_TARGET = 13.5;
				LD_RUNPATH_SEARCH_PATHS = (
					"$(inherited)",
					"@executable_path/Frameworks",
					"@loader_path/Frameworks",
				);
				PRODUCT_BUNDLE_IDENTIFIER = "com.jeremyTandjung.login-pageTests";
				PRODUCT_NAME = "$(TARGET_NAME)";
				SWIFT_VERSION = 5.0;
				TARGETED_DEVICE_FAMILY = "1,2";
				TEST_HOST = "$(BUILT_PRODUCTS_DIR)/login-page.app/login-page";
			};
			name = Release;
		};
		64976FD624A598D600467925 /* Debug */ = {
			isa = XCBuildConfiguration;
			buildSettings = {
				ALWAYS_EMBED_SWIFT_STANDARD_LIBRARIES = YES;
				CODE_SIGN_STYLE = Automatic;
				DEVELOPMENT_TEAM = S3KH64V7Y4;
				INFOPLIST_FILE = "login-pageUITests/Info.plist";
				LD_RUNPATH_SEARCH_PATHS = (
					"$(inherited)",
					"@executable_path/Frameworks",
					"@loader_path/Frameworks",
				);
				PRODUCT_BUNDLE_IDENTIFIER = "com.jeremyTandjung.login-pageUITests";
				PRODUCT_NAME = "$(TARGET_NAME)";
				SWIFT_VERSION = 5.0;
				TARGETED_DEVICE_FAMILY = "1,2";
				TEST_TARGET_NAME = "login-page";
			};
			name = Debug;
		};
		64976FD724A598D600467925 /* Release */ = {
			isa = XCBuildConfiguration;
			buildSettings = {
				ALWAYS_EMBED_SWIFT_STANDARD_LIBRARIES = YES;
				CODE_SIGN_STYLE = Automatic;
				DEVELOPMENT_TEAM = S3KH64V7Y4;
				INFOPLIST_FILE = "login-pageUITests/Info.plist";
				LD_RUNPATH_SEARCH_PATHS = (
					"$(inherited)",
					"@executable_path/Frameworks",
					"@loader_path/Frameworks",
				);
				PRODUCT_BUNDLE_IDENTIFIER = "com.jeremyTandjung.login-pageUITests";
				PRODUCT_NAME = "$(TARGET_NAME)";
				SWIFT_VERSION = 5.0;
				TARGETED_DEVICE_FAMILY = "1,2";
				TEST_TARGET_NAME = "login-page";
			};
			name = Release;
		};
/* End XCBuildConfiguration section */

/* Begin XCConfigurationList section */
		64976FA024A598D500467925 /* Build configuration list for PBXProject "login-page" */ = {
			isa = XCConfigurationList;
			buildConfigurations = (
				64976FCD24A598D600467925 /* Debug */,
				64976FCE24A598D600467925 /* Release */,
			);
			defaultConfigurationIsVisible = 0;
			defaultConfigurationName = Release;
		};
		64976FCF24A598D600467925 /* Build configuration list for PBXNativeTarget "login-page" */ = {
			isa = XCConfigurationList;
			buildConfigurations = (
				64976FD024A598D600467925 /* Debug */,
				64976FD124A598D600467925 /* Release */,
			);
			defaultConfigurationIsVisible = 0;
			defaultConfigurationName = Release;
		};
		64976FD224A598D600467925 /* Build configuration list for PBXNativeTarget "login-pageTests" */ = {
			isa = XCConfigurationList;
			buildConfigurations = (
				64976FD324A598D600467925 /* Debug */,
				64976FD424A598D600467925 /* Release */,
			);
			defaultConfigurationIsVisible = 0;
			defaultConfigurationName = Release;
		};
		64976FD524A598D600467925 /* Build configuration list for PBXNativeTarget "login-pageUITests" */ = {
			isa = XCConfigurationList;
			buildConfigurations = (
				64976FD624A598D600467925 /* Debug */,
				64976FD724A598D600467925 /* Release */,
			);
			defaultConfigurationIsVisible = 0;
			defaultConfigurationName = Release;
		};
/* End XCConfigurationList section */
	};
	rootObject = 64976F9D24A598D500467925 /* Project object */;
}
